
Microsoft Visual Studio Solution File, Format Version 12.00
# Visual Studio Version 17
VisualStudioVersion = 17.13.35919.96 d17.13
MinimumVisualStudioVersion = 10.0.40219.1
Project("{FAE04EC0-301F-11D3-BF4B-00C04F79EFBC}") = "MehranSmartMap.Core", "MehranSmartMap.Core\MehranSmartMap.Core.csproj", "{10E0A524-1A31-47F4-BB8D-A3B55C8ADFA4}"
EndProject
Global
	GlobalSection(SolutionConfigurationPlatforms) = preSolution
		Debug|Any CPU = Debug|Any CPU
		Release|Any CPU = Release|Any CPU
	EndGlobalSection
	GlobalSection(ProjectConfigurationPlatforms) = postSolution
		{10E0A524-1A31-47F4-BB8D-A3B55C8ADFA4}.Debug|Any CPU.ActiveCfg = Debug|Any CPU
		{10E0A524-1A31-47F4-BB8D-A3B55C8ADFA4}.Debug|Any CPU.Build.0 = Debug|Any CPU
		{10E0A524-1A31-47F4-BB8D-A3B55C8ADFA4}.Release|Any CPU.ActiveCfg = Release|Any CPU
		{10E0A524-1A31-47F4-BB8D-A3B55C8ADFA4}.Release|Any CPU.Build.0 = Release|Any CPU
	EndGlobalSection
	GlobalSection(SolutionProperties) = preSolution
		HideSolutionNode = FALSE
	EndGlobalSection
	GlobalSection(ExtensibilityGlobals) = postSolution
		SolutionGuid = {8EBA4A6B-C549-4B16-92EE-C86E32B1BF27}
	EndGlobalSection
EndGlobal
